// !$*UTF8*$!
{
	archiveVersion = 1;
	classes = {
	};
	objectVersion = 48;
	objects = {

/* Begin PBXBuildFile section */
		5DA31700EC6BE39415EF48C4 /* Pods_QrCode_App.framework in Frameworks */ = {isa = PBXBuildFile; fileRef = E00EF73DB7D8A268BA7B8FBF /* Pods_QrCode_App.framework */; };
		8F56BD9A1F9F2C44007AB7A0 /* AppDelegate.swift in Sources */ = {isa = PBXBuildFile; fileRef = 8F56BD991F9F2C44007AB7A0 /* AppDelegate.swift */; };
		8F56BD9C1F9F2C44007AB7A0 /* ViewController.swift in Sources */ = {isa = PBXBuildFile; fileRef = 8F56BD9B1F9F2C44007AB7A0 /* ViewController.swift */; };
		8F56BD9F1F9F2C44007AB7A0 /* Main.storyboard in Resources */ = {isa = PBXBuildFile; fileRef = 8F56BD9D1F9F2C44007AB7A0 /* Main.storyboard */; };
		8F56BDA11F9F2C44007AB7A0 /* Assets.xcassets in Resources */ = {isa = PBXBuildFile; fileRef = 8F56BDA01F9F2C44007AB7A0 /* Assets.xcassets */; };
		8F56BDA41F9F2C44007AB7A0 /* LaunchScreen.storyboard in Resources */ = {isa = PBXBuildFile; fileRef = 8F56BDA21F9F2C44007AB7A0 /* LaunchScreen.storyboard */; };
		8F56BDAE1F9F316D007AB7A0 /* WelcomeViewController.swift in Sources */ = {isa = PBXBuildFile; fileRef = 8F56BDAD1F9F316D007AB7A0 /* WelcomeViewController.swift */; };
		8F56BDB01F9FCD66007AB7A0 /* UserModel.swift in Sources */ = {isa = PBXBuildFile; fileRef = 8F56BDAF1F9FCD66007AB7A0 /* UserModel.swift */; };
/* End PBXBuildFile section */

/* Begin PBXFileReference section */
		222BD81CBACEAF633C7B8A2F /* Pods-QrCode App.release.xcconfig */ = {isa = PBXFileReference; includeInIndex = 1; lastKnownFileType = text.xcconfig; name = "Pods-QrCode App.release.xcconfig"; path = "Pods/Target Support Files/Pods-QrCode App/Pods-QrCode App.release.xcconfig"; sourceTree = "<group>"; };
		8F56BD961F9F2C44007AB7A0 /* QrCode App.app */ = {isa = PBXFileReference; explicitFileType = wrapper.application; includeInIndex = 0; path = "QrCode App.app"; sourceTree = BUILT_PRODUCTS_DIR; };
		8F56BD991F9F2C44007AB7A0 /* AppDelegate.swift */ = {isa = PBXFileReference; lastKnownFileType = sourcecode.swift; path = AppDelegate.swift; sourceTree = "<group>"; };
		8F56BD9B1F9F2C44007AB7A0 /* ViewController.swift */ = {isa = PBXFileReference; lastKnownFileType = sourcecode.swift; path = ViewController.swift; sourceTree = "<group>"; };
		8F56BD9E1F9F2C44007AB7A0 /* Base */ = {isa = PBXFileReference; lastKnownFileType = file.storyboard; name = Base; path = Base.lproj/Main.storyboard; sourceTree = "<group>"; };
		8F56BDA01F9F2C44007AB7A0 /* Assets.xcassets */ = {isa = PBXFileReference; lastKnownFileType = folder.assetcatalog; path = Assets.xcassets; sourceTree = "<group>"; };
		8F56BDA31F9F2C44007AB7A0 /* Base */ = {isa = PBXFileReference; lastKnownFileType = file.storyboard; name = Base; path = Base.lproj/LaunchScreen.storyboard; sourceTree = "<group>"; };
		8F56BDA51F9F2C44007AB7A0 /* Info.plist */ = {isa = PBXFileReference; lastKnownFileType = text.plist.xml; path = Info.plist; sourceTree = "<group>"; };
		8F56BDAD1F9F316D007AB7A0 /* WelcomeViewController.swift */ = {isa = PBXFileReference; lastKnownFileType = sourcecode.swift; name = WelcomeViewController.swift; path = ViewControllers/WelcomeViewController.swift; sourceTree = "<group>"; };
		8F56BDAF1F9FCD66007AB7A0 /* UserModel.swift */ = {isa = PBXFileReference; lastKnownFileType = sourcecode.swift; path = UserModel.swift; sourceTree = "<group>"; };
		C928E2DB71481DA568E9866C /* Pods-QrCode App.debug.xcconfig */ = {isa = PBXFileReference; includeInIndex = 1; lastKnownFileType = text.xcconfig; name = "Pods-QrCode App.debug.xcconfig"; path = "Pods/Target Support Files/Pods-QrCode App/Pods-QrCode App.debug.xcconfig"; sourceTree = "<group>"; };
		E00EF73DB7D8A268BA7B8FBF /* Pods_QrCode_App.framework */ = {isa = PBXFileReference; explicitFileType = wrapper.framework; includeInIndex = 0; path = Pods_QrCode_App.framework; sourceTree = BUILT_PRODUCTS_DIR; };
/* End PBXFileReference section */

/* Begin PBXFrameworksBuildPhase section */
		8F56BD931F9F2C44007AB7A0 /* Frameworks */ = {
			isa = PBXFrameworksBuildPhase;
			buildActionMask = 2147483647;
			files = (
				5DA31700EC6BE39415EF48C4 /* Pods_QrCode_App.framework in Frameworks */,
			);
			runOnlyForDeploymentPostprocessing = 0;
		};
/* End PBXFrameworksBuildPhase section */

/* Begin PBXGroup section */
		187857011CBD76D110CF78CD /* Pods */ = {
			isa = PBXGroup;
			children = (
				C928E2DB71481DA568E9866C /* Pods-QrCode App.debug.xcconfig */,
				222BD81CBACEAF633C7B8A2F /* Pods-QrCode App.release.xcconfig */,
			);
			name = Pods;
			sourceTree = "<group>";
		};
		1B46F44FABD0A3917559BE89 /* Frameworks */ = {
			isa = PBXGroup;
			children = (
				E00EF73DB7D8A268BA7B8FBF /* Pods_QrCode_App.framework */,
			);
			name = Frameworks;
			sourceTree = "<group>";
		};
		8F56BD8D1F9F2C44007AB7A0 = {
			isa = PBXGroup;
			children = (
				8F56BD981F9F2C44007AB7A0 /* QrCode App */,
				8F56BD971F9F2C44007AB7A0 /* Products */,
				187857011CBD76D110CF78CD /* Pods */,
				1B46F44FABD0A3917559BE89 /* Frameworks */,
			);
			sourceTree = "<group>";
		};
		8F56BD971F9F2C44007AB7A0 /* Products */ = {
			isa = PBXGroup;
			children = (
				8F56BD961F9F2C44007AB7A0 /* QrCode App.app */,
			);
			name = Products;
			sourceTree = "<group>";
		};
		8F56BD981F9F2C44007AB7A0 /* QrCode App */ = {
			isa = PBXGroup;
			children = (
				8F56BDAC1F9F311E007AB7A0 /* Models */,
				8F56BDAB1F9F30EB007AB7A0 /* ViewControllers */,
				8F56BD991F9F2C44007AB7A0 /* AppDelegate.swift */,
				8F56BD9B1F9F2C44007AB7A0 /* ViewController.swift */,
				8F56BD9D1F9F2C44007AB7A0 /* Main.storyboard */,
				8F56BDA01F9F2C44007AB7A0 /* Assets.xcassets */,
				8F56BDA21F9F2C44007AB7A0 /* LaunchScreen.storyboard */,
				8F56BDA51F9F2C44007AB7A0 /* Info.plist */,
			);
			path = "QrCode App";
			sourceTree = "<group>";
		};
		8F56BDAB1F9F30EB007AB7A0 /* ViewControllers */ = {
			isa = PBXGroup;
			children = (
				8F56BDAD1F9F316D007AB7A0 /* WelcomeViewController.swift */,
			);
			path = ViewControllers;
			sourceTree = "<group>";
		};
		8F56BDAC1F9F311E007AB7A0 /* Models */ = {
			isa = PBXGroup;
			children = (
				8F56BDAF1F9FCD66007AB7A0 /* UserModel.swift */,
			);
			path = Models;
			sourceTree = "<group>";
		};
/* End PBXGroup section */

/* Begin PBXNativeTarget section */
		8F56BD951F9F2C44007AB7A0 /* QrCode App */ = {
			isa = PBXNativeTarget;
			buildConfigurationList = 8F56BDA81F9F2C44007AB7A0 /* Build configuration list for PBXNativeTarget "QrCode App" */;
			buildPhases = (
				36FA4A65B9BD7F7147992226 /* [CP] Check Pods Manifest.lock */,
				8F56BD921F9F2C44007AB7A0 /* Sources */,
				8F56BD931F9F2C44007AB7A0 /* Frameworks */,
				8F56BD941F9F2C44007AB7A0 /* Resources */,
				6F94005DBC4EAB6377426CDE /* [CP] Embed Pods Frameworks */,
				6A2CF89113787FC2612C0F21 /* [CP] Copy Pods Resources */,
			);
			buildRules = (
			);
			dependencies = (
			);
			name = "QrCode App";
			productName = "QrCode App";
			productReference = 8F56BD961F9F2C44007AB7A0 /* QrCode App.app */;
			productType = "com.apple.product-type.application";
		};
/* End PBXNativeTarget section */

/* Begin PBXProject section */
		8F56BD8E1F9F2C44007AB7A0 /* Project object */ = {
			isa = PBXProject;
			attributes = {
				LastSwiftUpdateCheck = 0900;
				LastUpgradeCheck = 0900;
				ORGANIZATIONNAME = "Liloudini Aziz";
				TargetAttributes = {
					8F56BD951F9F2C44007AB7A0 = {
						CreatedOnToolsVersion = 9.0.1;
						ProvisioningStyle = Automatic;
					};
				};
			};
			buildConfigurationList = 8F56BD911F9F2C44007AB7A0 /* Build configuration list for PBXProject "QrCode App" */;
			compatibilityVersion = "Xcode 8.0";
			developmentRegion = en;
			hasScannedForEncodings = 0;
			knownRegions = (
				en,
				Base,
			);
			mainGroup = 8F56BD8D1F9F2C44007AB7A0;
			productRefGroup = 8F56BD971F9F2C44007AB7A0 /* Products */;
			projectDirPath = "";
			projectRoot = "";
			targets = (
				8F56BD951F9F2C44007AB7A0 /* QrCode App */,
			);
		};
/* End PBXProject section */

/* Begin PBXResourcesBuildPhase section */
		8F56BD941F9F2C44007AB7A0 /* Resources */ = {
			isa = PBXResourcesBuildPhase;
			buildActionMask = 2147483647;
			files = (
				8F56BDA41F9F2C44007AB7A0 /* LaunchScreen.storyboard in Resources */,
				8F56BDA11F9F2C44007AB7A0 /* Assets.xcassets in Resources */,
				8F56BD9F1F9F2C44007AB7A0 /* Main.storyboard in Resources */,
			);
			runOnlyForDeploymentPostprocessing = 0;
		};
/* End PBXResourcesBuildPhase section */

/* Begin PBXShellScriptBuildPhase section */
		36FA4A65B9BD7F7147992226 /* [CP] Check Pods Manifest.lock */ = {
			isa = PBXShellScriptBuildPhase;
			buildActionMask = 2147483647;
			files = (
			);
			inputPaths = (
				"${PODS_PODFILE_DIR_PATH}/Podfile.lock",
				"${PODS_ROOT}/Manifest.lock",
			);
			name = "[CP] Check Pods Manifest.lock";
			outputPaths = (
				"$(DERIVED_FILE_DIR)/Pods-QrCode App-checkManifestLockResult.txt",
			);
			runOnlyForDeploymentPostprocessing = 0;
			shellPath = /bin/sh;
			shellScript = "diff \"${PODS_PODFILE_DIR_PATH}/Podfile.lock\" \"${PODS_ROOT}/Manifest.lock\" > /dev/null\nif [ $? != 0 ] ; then\n    # print error to STDERR\n    echo \"error: The sandbox is not in sync with the Podfile.lock. Run 'pod install' or update your CocoaPods installation.\" >&2\n    exit 1\nfi\n# This output is used by Xcode 'outputs' to avoid re-running this script phase.\necho \"SUCCESS\" > \"${SCRIPT_OUTPUT_FILE_0}\"\n";
			showEnvVarsInLog = 0;
		};
		6A2CF89113787FC2612C0F21 /* [CP] Copy Pods Resources */ = {
			isa = PBXShellScriptBuildPhase;
			buildActionMask = 2147483647;
			files = (
			);
			inputPaths = (
			);
			name = "[CP] Copy Pods Resources";
			outputPaths = (
			);
			runOnlyForDeploymentPostprocessing = 0;
			shellPath = /bin/sh;
			shellScript = "\"${SRCROOT}/Pods/Target Support Files/Pods-QrCode App/Pods-QrCode App-resources.sh\"\n";
			showEnvVarsInLog = 0;
		};
		6F94005DBC4EAB6377426CDE /* [CP] Embed Pods Frameworks */ = {
			isa = PBXShellScriptBuildPhase;
			buildActionMask = 2147483647;
			files = (
			);
			inputPaths = (
				"${SRCROOT}/Pods/Target Support Files/Pods-QrCode App/Pods-QrCode App-frameworks.sh",
				"${BUILT_PRODUCTS_DIR}/Alamofire/Alamofire.framework",
				"${BUILT_PRODUCTS_DIR}/Realm/Realm.framework",
				"${BUILT_PRODUCTS_DIR}/RealmSwift/RealmSwift.framework",
			);
			name = "[CP] Embed Pods Frameworks";
			outputPaths = (
				"${TARGET_BUILD_DIR}/${FRAMEWORKS_FOLDER_PATH}/Alamofire.framework",
				"${TARGET_BUILD_DIR}/${FRAMEWORKS_FOLDER_PATH}/Realm.framework",
				"${TARGET_BUILD_DIR}/${FRAMEWORKS_FOLDER_PATH}/RealmSwift.framework",
			);
			runOnlyForDeploymentPostprocessing = 0;
			shellPath = /bin/sh;
			shellScript = "\"${SRCROOT}/Pods/Target Support Files/Pods-QrCode App/Pods-QrCode App-frameworks.sh\"\n";
			showEnvVarsInLog = 0;
		};
/* End PBXShellScriptBuildPhase section */

/* Begin PBXSourcesBuildPhase section */
		8F56BD921F9F2C44007AB7A0 /* Sources */ = {
			isa = PBXSourcesBuildPhase;
			buildActionMask = 2147483647;
			files = (
				8F56BDAE1F9F316D007AB7A0 /* WelcomeViewController.swift in Sources */,
				8F56BD9C1F9F2C44007AB7A0 /* ViewController.swift in Sources */,
				8F56BDB01F9FCD66007AB7A0 /* UserModel.swift in Sources */,
				8F56BD9A1F9F2C44007AB7A0 /* AppDelegate.swift in Sources */,
			);
			runOnlyForDeploymentPostprocessing = 0;
		};
/* End PBXSourcesBuildPhase section */

/* Begin PBXVariantGroup section */
		8F56BD9D1F9F2C44007AB7A0 /* Main.storyboard */ = {
			isa = PBXVariantGroup;
			children = (
				8F56BD9E1F9F2C44007AB7A0 /* Base */,
			);
			name = Main.storyboard;
			sourceTree = "<group>";
		};
		8F56BDA21F9F2C44007AB7A0 /* LaunchScreen.storyboard */ = {
			isa = PBXVariantGroup;
			children = (
				8F56BDA31F9F2C44007AB7A0 /* Base */,
			);
			name = LaunchScreen.storyboard;
			sourceTree = "<group>";
		};
/* End PBXVariantGroup section */

/* Begin XCBuildConfiguration section */
		8F56BDA61F9F2C44007AB7A0 /* Debug */ = {
			isa = XCBuildConfiguration;
			buildSettings = {
				ALWAYS_SEARCH_USER_PATHS = NO;
				CLANG_ANALYZER_NONNULL = YES;
				CLANG_ANALYZER_NUMBER_OBJECT_CONVERSION = YES_AGGRESSIVE;
				CLANG_CXX_LANGUAGE_STANDARD = "gnu++14";
				CLANG_CXX_LIBRARY = "libc++";
				CLANG_ENABLE_MODULES = YES;
				CLANG_ENABLE_OBJC_ARC = YES;
				CLANG_WARN_BLOCK_CAPTURE_AUTORELEASING = YES;
				CLANG_WARN_BOOL_CONVERSION = YES;
				CLANG_WARN_COMMA = YES;
				CLANG_WARN_CONSTANT_CONVERSION = YES;
				CLANG_WARN_DIRECT_OBJC_ISA_USAGE = YES_ERROR;
				CLANG_WARN_DOCUMENTATION_COMMENTS = YES;
				CLANG_WARN_EMPTY_BODY = YES;
				CLANG_WARN_ENUM_CONVERSION = YES;
				CLANG_WARN_INFINITE_RECURSION = YES;
				CLANG_WARN_INT_CONVERSION = YES;
				CLANG_WARN_NON_LITERAL_NULL_CONVERSION = YES;
				CLANG_WARN_OBJC_LITERAL_CONVERSION = YES;
				CLANG_WARN_OBJC_ROOT_CLASS = YES_ERROR;
				CLANG_WARN_RANGE_LOOP_ANALYSIS = YES;
				CLANG_WARN_STRICT_PROTOTYPES = YES;
				CLANG_WARN_SUSPICIOUS_MOVE = YES;
				CLANG_WARN_UNGUARDED_AVAILABILITY = YES_AGGRESSIVE;
				CLANG_WARN_UNREACHABLE_CODE = YES;
				CLANG_WARN__DUPLICATE_METHOD_MATCH = YES;
				CODE_SIGN_IDENTITY = "iPhone Developer";
				COPY_PHASE_STRIP = NO;
				DEBUG_INFORMATION_FORMAT = dwarf;
				ENABLE_STRICT_OBJC_MSGSEND = YES;
				ENABLE_TESTABILITY = YES;
				GCC_C_LANGUAGE_STANDARD = gnu11;
				GCC_DYNAMIC_NO_PIC = NO;
				GCC_NO_COMMON_BLOCKS = YES;
				GCC_OPTIMIZATION_LEVEL = 0;
				GCC_PREPROCESSOR_DEFINITIONS = (
					"DEBUG=1",
					"$(inherited)",
				);
				GCC_WARN_64_TO_32_BIT_CONVERSION = YES;
				GCC_WARN_ABOUT_RETURN_TYPE = YES_ERROR;
				GCC_WARN_UNDECLARED_SELECTOR = YES;
				GCC_WARN_UNINITIALIZED_AUTOS = YES_AGGRESSIVE;
				GCC_WARN_UNUSED_FUNCTION = YES;
				GCC_WARN_UNUSED_VARIABLE = YES;
				IPHONEOS_DEPLOYMENT_TARGET = 11.0;
				MTL_ENABLE_DEBUG_INFO = YES;
				ONLY_ACTIVE_ARCH = YES;
				SDKROOT = iphoneos;
				SWIFT_ACTIVE_COMPILATION_CONDITIONS = DEBUG;
				SWIFT_OPTIMIZATION_LEVEL = "-Onone";
			};
			name = Debug;
		};
		8F56BDA71F9F2C44007AB7A0 /* Release */ = {
			isa = XCBuildConfiguration;
			buildSettings = {
				ALWAYS_SEARCH_USER_PATHS = NO;
				CLANG_ANALYZER_NONNULL = YES;
				CLANG_ANALYZER_NUMBER_OBJECT_CONVERSION = YES_AGGRESSIVE;
				CLANG_CXX_LANGUAGE_STANDARD = "gnu++14";
				CLANG_CXX_LIBRARY = "libc++";
				CLANG_ENABLE_MODULES = YES;
				CLANG_ENABLE_OBJC_ARC = YES;
				CLANG_WARN_BLOCK_CAPTURE_AUTORELEASING = YES;
				CLANG_WARN_BOOL_CONVERSION = YES;
				CLANG_WARN_COMMA = YES;
				CLANG_WARN_CONSTANT_CONVERSION = YES;
				CLANG_WARN_DIRECT_OBJC_ISA_USAGE = YES_ERROR;
				CLANG_WARN_DOCUMENTATION_COMMENTS = YES;
				CLANG_WARN_EMPTY_BODY = YES;
				CLANG_WARN_ENUM_CONVERSION = YES;
				CLANG_WARN_INFINITE_RECURSION = YES;
				CLANG_WARN_INT_CONVERSION = YES;
				CLANG_WARN_NON_LITERAL_NULL_CONVERSION = YES;
				CLANG_WARN_OBJC_LITERAL_CONVERSION = YES;
				CLANG_WARN_OBJC_ROOT_CLASS = YES_ERROR;
				CLANG_WARN_RANGE_LOOP_ANALYSIS = YES;
				CLANG_WARN_STRICT_PROTOTYPES = YES;
				CLANG_WARN_SUSPICIOUS_MOVE = YES;
				CLANG_WARN_UNGUARDED_AVAILABILITY = YES_AGGRESSIVE;
				CLANG_WARN_UNREACHABLE_CODE = YES;
				CLANG_WARN__DUPLICATE_METHOD_MATCH = YES;
				CODE_SIGN_IDENTITY = "iPhone Developer";
				COPY_PHASE_STRIP = NO;
				DEBUG_INFORMATION_FORMAT = "dwarf-with-dsym";
				ENABLE_NS_ASSERTIONS = NO;
				ENABLE_STRICT_OBJC_MSGSEND = YES;
				GCC_C_LANGUAGE_STANDARD = gnu11;
				GCC_NO_COMMON_BLOCKS = YES;
				GCC_WARN_64_TO_32_BIT_CONVERSION = YES;
				GCC_WARN_ABOUT_RETURN_TYPE = YES_ERROR;
				GCC_WARN_UNDECLARED_SELECTOR = YES;
				GCC_WARN_UNINITIALIZED_AUTOS = YES_AGGRESSIVE;
				GCC_WARN_UNUSED_FUNCTION = YES;
				GCC_WARN_UNUSED_VARIABLE = YES;
				IPHONEOS_DEPLOYMENT_TARGET = 11.0;
				MTL_ENABLE_DEBUG_INFO = NO;
				SDKROOT = iphoneos;
				SWIFT_OPTIMIZATION_LEVEL = "-Owholemodule";
				VALIDATE_PRODUCT = YES;
			};
			name = Release;
		};
		8F56BDA91F9F2C44007AB7A0 /* Debug */ = {
			isa = XCBuildConfiguration;
			baseConfigurationReference = C928E2DB71481DA568E9866C /* Pods-QrCode App.debug.xcconfig */;
			buildSettings = {
				ASSETCATALOG_COMPILER_APPICON_NAME = AppIcon;
				CODE_SIGN_STYLE = Automatic;
				DEVELOPMENT_TEAM = 8N2R8NCW4P;
				INFOPLIST_FILE = "QrCode App/Info.plist";
				LD_RUNPATH_SEARCH_PATHS = "$(inherited) @executable_path/Frameworks";
				PRODUCT_BUNDLE_IDENTIFIER = "fr.ziat.QrCode-App";
				PRODUCT_NAME = "$(TARGET_NAME)";
				SWIFT_VERSION = 4.0;
				TARGETED_DEVICE_FAMILY = "1,2";
			};
			name = Debug;
		};
		8F56BDAA1F9F2C44007AB7A0 /* Release */ = {
			isa = XCBuildConfiguration;
			baseConfigurationReference = 222BD81CBACEAF633C7B8A2F /* Pods-QrCode App.release.xcconfig */;
			buildSettings = {
				ASSETCATALOG_COMPILER_APPICON_NAME = AppIcon;
				CODE_SIGN_STYLE = Automatic;
				DEVELOPMENT_TEAM = 8N2R8NCW4P;
				INFOPLIST_FILE = "QrCode App/Info.plist";
				LD_RUNPATH_SEARCH_PATHS = "$(inherited) @executable_path/Frameworks";
				PRODUCT_BUNDLE_IDENTIFIER = "fr.ziat.QrCode-App";
				PRODUCT_NAME = "$(TARGET_NAME)";
				SWIFT_VERSION = 4.0;
				TARGETED_DEVICE_FAMILY = "1,2";
			};
			name = Release;
		};
/* End XCBuildConfiguration section */

/* Begin XCConfigurationList section */
		8F56BD911F9F2C44007AB7A0 /* Build configuration list for PBXProject "QrCode App" */ = {
			isa = XCConfigurationList;
			buildConfigurations = (
				8F56BDA61F9F2C44007AB7A0 /* Debug */,
				8F56BDA71F9F2C44007AB7A0 /* Release */,
			);
			defaultConfigurationIsVisible = 0;
			defaultConfigurationName = Release;
		};
		8F56BDA81F9F2C44007AB7A0 /* Build configuration list for PBXNativeTarget "QrCode App" */ = {
			isa = XCConfigurationList;
			buildConfigurations = (
				8F56BDA91F9F2C44007AB7A0 /* Debug */,
				8F56BDAA1F9F2C44007AB7A0 /* Release */,
			);
			defaultConfigurationIsVisible = 0;
			defaultConfigurationName = Release;
		};
/* End XCConfigurationList section */
	};
	rootObject = 8F56BD8E1F9F2C44007AB7A0 /* Project object */;
}
